
Microsoft Visual Studio Solution File, Format Version 12.00
# Visual Studio Version 16
VisualStudioVersion = 16.0.30907.101
MinimumVisualStudioVersion = 10.0.40219.1
Project("{2150E333-8FDC-42A3-9474-1A3956D46DE8}") = "Backend", "Backend", "{3E05B7C8-818C-4960-BD13-807C287F69E8}"
EndProject
Project("{2150E333-8FDC-42A3-9474-1A3956D46DE8}") = "Frontend", "Frontend", "{DF591347-6EE4-4698-9DB9-E57D0ADF422D}"
EndProject
Project("{FAE04EC0-301F-11D3-BF4B-00C04F79EFBC}") = "MAV.Common", "MAV.Common\MAV.Common.csproj", "{C843888F-1134-47C5-AEB0-7FC59C493A11}"
EndProject
Project("{FAE04EC0-301F-11D3-BF4B-00C04F79EFBC}") = "MAV.Web", "MAV.Web\MAV.Web.csproj", "{23031ACC-2997-4A70-97D8-D880A79A1F64}"
EndProject
Project("{FAE04EC0-301F-11D3-BF4B-00C04F79EFBC}") = "MAV.UIForms.Android", "MAV.UIForms\MAV.UIForms.Android\MAV.UIForms.Android.csproj", "{EE95C377-424A-4E48-9821-B17E2BF464BA}"
EndProject
Project("{FAE04EC0-301F-11D3-BF4B-00C04F79EFBC}") = "MAV.UIForms", "MAV.UIForms\MAV.UIForms\MAV.UIForms.csproj", "{9C73A8FF-808E-4A8A-AE50-E00F95B683AC}"
EndProject
Global
	GlobalSection(SolutionConfigurationPlatforms) = preSolution
		Debug|Any CPU = Debug|Any CPU
		Release|Any CPU = Release|Any CPU
	EndGlobalSection
	GlobalSection(ProjectConfigurationPlatforms) = postSolution
		{C843888F-1134-47C5-AEB0-7FC59C493A11}.Debug|Any CPU.ActiveCfg = Debug|Any CPU
		{C843888F-1134-47C5-AEB0-7FC59C493A11}.Debug|Any CPU.Build.0 = Debug|Any CPU
		{C843888F-1134-47C5-AEB0-7FC59C493A11}.Release|Any CPU.ActiveCfg = Release|Any CPU
		{C843888F-1134-47C5-AEB0-7FC59C493A11}.Release|Any CPU.Build.0 = Release|Any CPU
		{23031ACC-2997-4A70-97D8-D880A79A1F64}.Debug|Any CPU.ActiveCfg = Debug|Any CPU
		{23031ACC-2997-4A70-97D8-D880A79A1F64}.Debug|Any CPU.Build.0 = Debug|Any CPU
		{23031ACC-2997-4A70-97D8-D880A79A1F64}.Release|Any CPU.ActiveCfg = Release|Any CPU
		{23031ACC-2997-4A70-97D8-D880A79A1F64}.Release|Any CPU.Build.0 = Release|Any CPU
		{EE95C377-424A-4E48-9821-B17E2BF464BA}.Debug|Any CPU.ActiveCfg = Debug|Any CPU
		{EE95C377-424A-4E48-9821-B17E2BF464BA}.Debug|Any CPU.Build.0 = Debug|Any CPU
		{EE95C377-424A-4E48-9821-B17E2BF464BA}.Debug|Any CPU.Deploy.0 = Debug|Any CPU
		{EE95C377-424A-4E48-9821-B17E2BF464BA}.Release|Any CPU.ActiveCfg = Release|Any CPU
		{EE95C377-424A-4E48-9821-B17E2BF464BA}.Release|Any CPU.Build.0 = Release|Any CPU
		{EE95C377-424A-4E48-9821-B17E2BF464BA}.Release|Any CPU.Deploy.0 = Release|Any CPU
		{9C73A8FF-808E-4A8A-AE50-E00F95B683AC}.Debug|Any CPU.ActiveCfg = Debug|Any CPU
		{9C73A8FF-808E-4A8A-AE50-E00F95B683AC}.Debug|Any CPU.Build.0 = Debug|Any CPU
		{9C73A8FF-808E-4A8A-AE50-E00F95B683AC}.Release|Any CPU.ActiveCfg = Release|Any CPU
		{9C73A8FF-808E-4A8A-AE50-E00F95B683AC}.Release|Any CPU.Build.0 = Release|Any CPU
	EndGlobalSection
	GlobalSection(SolutionProperties) = preSolution
		HideSolutionNode = FALSE
	EndGlobalSection
	GlobalSection(NestedProjects) = preSolution
		{23031ACC-2997-4A70-97D8-D880A79A1F64} = {3E05B7C8-818C-4960-BD13-807C287F69E8}
		{EE95C377-424A-4E48-9821-B17E2BF464BA} = {DF591347-6EE4-4698-9DB9-E57D0ADF422D}
		{9C73A8FF-808E-4A8A-AE50-E00F95B683AC} = {DF591347-6EE4-4698-9DB9-E57D0ADF422D}
	EndGlobalSection
	GlobalSection(ExtensibilityGlobals) = postSolution
		SolutionGuid = {E0310D80-5FE5-4B99-8659-4627A7E35BEB}
	EndGlobalSection
EndGlobal
